// !$*UTF8*$!
{
	archiveVersion = 1;
	classes = {
	};
	objectVersion = 77;
	objects = {

/* Begin PBXContainerItemProxy section */
		6F623DFA2D5EF7FE009634F1 /* PBXContainerItemProxy */ = {
			isa = PBXContainerItemProxy;
			containerPortal = 6F623DE12D5EF7FC009634F1 /* Project object */;
			proxyType = 1;
			remoteGlobalIDString = 6F623DE82D5EF7FC009634F1;
			remoteInfo = LegacyNavigationStackSample;
		};
		6F623E042D5EF7FE009634F1 /* PBXContainerItemProxy */ = {
			isa = PBXContainerItemProxy;
			containerPortal = 6F623DE12D5EF7FC009634F1 /* Project object */;
			proxyType = 1;
			remoteGlobalIDString = 6F623DE82D5EF7FC009634F1;
			remoteInfo = LegacyNavigationStackSample;
		};
/* End PBXContainerItemProxy section */

/* Begin PBXFileReference section */
		6F01DF782D62C76800320685 /* LegacyNavigationStackSample.xcodeproj */ = {isa = PBXFileReference; lastKnownFileType = "wrapper.pb-project"; name = LegacyNavigationStackSample.xcodeproj; path = LegacyNavigationStackSample/LegacyNavigationStackSample.xcodeproj; sourceTree = SOURCE_ROOT; };
		6F623DE92D5EF7FC009634F1 /* LegacyNavigationStackSample.app */ = {isa = PBXFileReference; explicitFileType = wrapper.application; includeInIndex = 0; path = LegacyNavigationStackSample.app; sourceTree = BUILT_PRODUCTS_DIR; };
		6F623DF92D5EF7FE009634F1 /* LegacyNavigationStackSampleTests.xctest */ = {isa = PBXFileReference; explicitFileType = wrapper.cfbundle; includeInIndex = 0; path = LegacyNavigationStackSampleTests.xctest; sourceTree = BUILT_PRODUCTS_DIR; };
		6F623E032D5EF7FE009634F1 /* LegacyNavigationStackSampleUITests.xctest */ = {isa = PBXFileReference; explicitFileType = wrapper.cfbundle; includeInIndex = 0; path = LegacyNavigationStackSampleUITests.xctest; sourceTree = BUILT_PRODUCTS_DIR; };
/* End PBXFileReference section */

/* Begin PBXFileSystemSynchronizedRootGroup section */
		6F623DEB2D5EF7FC009634F1 /* LegacyNavigationStackSample */ = {
			isa = PBXFileSystemSynchronizedRootGroup;
			path = LegacyNavigationStackSample;
			sourceTree = "<group>";
		};
		6F623DFC2D5EF7FE009634F1 /* LegacyNavigationStackSampleTests */ = {
			isa = PBXFileSystemSynchronizedRootGroup;
			path = LegacyNavigationStackSampleTests;
			sourceTree = "<group>";
		};
		6F623E062D5EF7FE009634F1 /* LegacyNavigationStackSampleUITests */ = {
			isa = PBXFileSystemSynchronizedRootGroup;
			path = LegacyNavigationStackSampleUITests;
			sourceTree = "<group>";
		};
/* End PBXFileSystemSynchronizedRootGroup section */

/* Begin PBXFrameworksBuildPhase section */
		6F623DE62D5EF7FC009634F1 /* Frameworks */ = {
			isa = PBXFrameworksBuildPhase;
			buildActionMask = 2147483647;
			files = (
			);
			runOnlyForDeploymentPostprocessing = 0;
		};
		6F623DF62D5EF7FE009634F1 /* Frameworks */ = {
			isa = PBXFrameworksBuildPhase;
			buildActionMask = 2147483647;
			files = (
			);
			runOnlyForDeploymentPostprocessing = 0;
		};
		6F623E002D5EF7FE009634F1 /* Frameworks */ = {
			isa = PBXFrameworksBuildPhase;
			buildActionMask = 2147483647;
			files = (
			);
			runOnlyForDeploymentPostprocessing = 0;
		};
/* End PBXFrameworksBuildPhase section */

/* Begin PBXGroup section */
		6F01DF7B2D62C76900320685 /* Products */ = {
			isa = PBXGroup;
			children = (
			);
			name = Products;
			sourceTree = "<group>";
		};
		6F623DE02D5EF7FC009634F1 = {
			isa = PBXGroup;
			children = (
				6F623DEB2D5EF7FC009634F1 /* LegacyNavigationStackSample */,
				6F623DFC2D5EF7FE009634F1 /* LegacyNavigationStackSampleTests */,
				6F623E062D5EF7FE009634F1 /* LegacyNavigationStackSampleUITests */,
				6F623DEA2D5EF7FC009634F1 /* Products */,
			);
			sourceTree = "<group>";
		};
		6F623DEA2D5EF7FC009634F1 /* Products */ = {
			isa = PBXGroup;
			children = (
				6F623DE92D5EF7FC009634F1 /* LegacyNavigationStackSample.app */,
				6F623DF92D5EF7FE009634F1 /* LegacyNavigationStackSampleTests.xctest */,
				6F623E032D5EF7FE009634F1 /* LegacyNavigationStackSampleUITests.xctest */,
			);
			name = Products;
			sourceTree = "<group>";
		};
/* End PBXGroup section */

/* Begin PBXNativeTarget section */
		6F623DE82D5EF7FC009634F1 /* LegacyNavigationStackSample */ = {
			isa = PBXNativeTarget;
			buildConfigurationList = 6F623E0D2D5EF7FE009634F1 /* Build configuration list for PBXNativeTarget "LegacyNavigationStackSample" */;
			buildPhases = (
				6F623DE52D5EF7FC009634F1 /* Sources */,
				6F623DE62D5EF7FC009634F1 /* Frameworks */,
				6F623DE72D5EF7FC009634F1 /* Resources */,
			);
			buildRules = (
			);
			dependencies = (
			);
			fileSystemSynchronizedGroups = (
				6F623DEB2D5EF7FC009634F1 /* LegacyNavigationStackSample */,
			);
			name = LegacyNavigationStackSample;
			packageProductDependencies = (
			);
			productName = LegacyNavigationStackSample;
			productReference = 6F623DE92D5EF7FC009634F1 /* LegacyNavigationStackSample.app */;
			productType = "com.apple.product-type.application";
		};
		6F623DF82D5EF7FE009634F1 /* LegacyNavigationStackSampleTests */ = {
			isa = PBXNativeTarget;
			buildConfigurationList = 6F623E102D5EF7FE009634F1 /* Build configuration list for PBXNativeTarget "LegacyNavigationStackSampleTests" */;
			buildPhases = (
				6F623DF52D5EF7FE009634F1 /* Sources */,
				6F623DF62D5EF7FE009634F1 /* Frameworks */,
				6F623DF72D5EF7FE009634F1 /* Resources */,
			);
			buildRules = (
			);
			dependencies = (
				6F623DFB2D5EF7FE009634F1 /* PBXTargetDependency */,
			);
			fileSystemSynchronizedGroups = (
				6F623DFC2D5EF7FE009634F1 /* LegacyNavigationStackSampleTests */,
			);
			name = LegacyNavigationStackSampleTests;
			packageProductDependencies = (
			);
			productName = LegacyNavigationStackSampleTests;
			productReference = 6F623DF92D5EF7FE009634F1 /* LegacyNavigationStackSampleTests.xctest */;
			productType = "com.apple.product-type.bundle.unit-test";
		};
		6F623E022D5EF7FE009634F1 /* LegacyNavigationStackSampleUITests */ = {
			isa = PBXNativeTarget;
			buildConfigurationList = 6F623E132D5EF7FE009634F1 /* Build configuration list for PBXNativeTarget "LegacyNavigationStackSampleUITests" */;
			buildPhases = (
				6F623DFF2D5EF7FE009634F1 /* Sources */,
				6F623E002D5EF7FE009634F1 /* Frameworks */,
				6F623E012D5EF7FE009634F1 /* Resources */,
			);
			buildRules = (
			);
			dependencies = (
				6F623E052D5EF7FE009634F1 /* PBXTargetDependency */,
			);
			fileSystemSynchronizedGroups = (
				6F623E062D5EF7FE009634F1 /* LegacyNavigationStackSampleUITests */,
			);
			name = LegacyNavigationStackSampleUITests;
			packageProductDependencies = (
			);
			productName = LegacyNavigationStackSampleUITests;
			productReference = 6F623E032D5EF7FE009634F1 /* LegacyNavigationStackSampleUITests.xctest */;
			productType = "com.apple.product-type.bundle.ui-testing";
		};
/* End PBXNativeTarget section */

/* Begin PBXProject section */
		6F623DE12D5EF7FC009634F1 /* Project object */ = {
			isa = PBXProject;
			attributes = {
				BuildIndependentTargetsInParallel = 1;
				LastSwiftUpdateCheck = 1620;
				LastUpgradeCheck = 1620;
				TargetAttributes = {
					6F623DE82D5EF7FC009634F1 = {
						CreatedOnToolsVersion = 16.2;
					};
					6F623DF82D5EF7FE009634F1 = {
						CreatedOnToolsVersion = 16.2;
						TestTargetID = 6F623DE82D5EF7FC009634F1;
					};
					6F623E022D5EF7FE009634F1 = {
						CreatedOnToolsVersion = 16.2;
						TestTargetID = 6F623DE82D5EF7FC009634F1;
					};
				};
			};
			buildConfigurationList = 6F623DE42D5EF7FC009634F1 /* Build configuration list for PBXProject "LegacyNavigationStackSample" */;
			developmentRegion = en;
			hasScannedForEncodings = 0;
			knownRegions = (
				en,
				Base,
			);
			mainGroup = 6F623DE02D5EF7FC009634F1;
			minimizedProjectReferenceProxies = 1;
			preferredProjectObjectVersion = 77;
			productRefGroup = 6F623DEA2D5EF7FC009634F1 /* Products */;
			projectDirPath = "";
			projectReferences = (
				{
					ProductGroup = 6F01DF7B2D62C76900320685 /* Products */;
					ProjectRef = 6F01DF782D62C76800320685 /* LegacyNavigationStackSample.xcodeproj */;
				},
			);
			projectRoot = "";
			targets = (
				6F623DE82D5EF7FC009634F1 /* LegacyNavigationStackSample */,
				6F623DF82D5EF7FE009634F1 /* LegacyNavigationStackSampleTests */,
				6F623E022D5EF7FE009634F1 /* LegacyNavigationStackSampleUITests */,
			);
		};
/* End PBXProject section */

/* Begin PBXResourcesBuildPhase section */
		6F623DE72D5EF7FC009634F1 /* Resources */ = {
			isa = PBXResourcesBuildPhase;
			buildActionMask = 2147483647;
			files = (
			);
			runOnlyForDeploymentPostprocessing = 0;
		};
		6F623DF72D5EF7FE009634F1 /* Resources */ = {
			isa = PBXResourcesBuildPhase;
			buildActionMask = 2147483647;
			files = (
			);
			runOnlyForDeploymentPostprocessing = 0;
		};
		6F623E012D5EF7FE009634F1 /* Resources */ = {
			isa = PBXResourcesBuildPhase;
			buildActionMask = 2147483647;
			files = (
			);
			runOnlyForDeploymentPostprocessing = 0;
		};
/* End PBXResourcesBuildPhase section */

/* Begin PBXSourcesBuildPhase section */
		6F623DE52D5EF7FC009634F1 /* Sources */ = {
			isa = PBXSourcesBuildPhase;
			buildActionMask = 2147483647;
			files = (
			);
			runOnlyForDeploymentPostprocessing = 0;
		};
		6F623DF52D5EF7FE009634F1 /* Sources */ = {
			isa = PBXSourcesBuildPhase;
			buildActionMask = 2147483647;
			files = (
			);
			runOnlyForDeploymentPostprocessing = 0;
		};
		6F623DFF2D5EF7FE009634F1 /* Sources */ = {
			isa = PBXSourcesBuildPhase;
			buildActionMask = 2147483647;
			files = (
			);
			runOnlyForDeploymentPostprocessing = 0;
		};
/* End PBXSourcesBuildPhase section */

/* Begin PBXTargetDependency section */
		6F623DFB2D5EF7FE009634F1 /* PBXTargetDependency */ = {
			isa = PBXTargetDependency;
			target = 6F623DE82D5EF7FC009634F1 /* LegacyNavigationStackSample */;
			targetProxy = 6F623DFA2D5EF7FE009634F1 /* PBXContainerItemProxy */;
		};
		6F623E052D5EF7FE009634F1 /* PBXTargetDependency */ = {
			isa = PBXTargetDependency;
			target = 6F623DE82D5EF7FC009634F1 /* LegacyNavigationStackSample */;
			targetProxy = 6F623E042D5EF7FE009634F1 /* PBXContainerItemProxy */;
		};
/* End PBXTargetDependency section */

/* Begin XCBuildConfiguration section */
		6F623E0B2D5EF7FE009634F1 /* Debug */ = {
			isa = XCBuildConfiguration;
			buildSettings = {
				ALWAYS_SEARCH_USER_PATHS = NO;
				ASSETCATALOG_COMPILER_GENERATE_SWIFT_ASSET_SYMBOL_EXTENSIONS = YES;
				CLANG_ANALYZER_NONNULL = YES;
				CLANG_ANALYZER_NUMBER_OBJECT_CONVERSION = YES_AGGRESSIVE;
				CLANG_CXX_LANGUAGE_STANDARD = "gnu++20";
				CLANG_ENABLE_MODULES = YES;
				CLANG_ENABLE_OBJC_ARC = YES;
				CLANG_ENABLE_OBJC_WEAK = YES;
				CLANG_WARN_BLOCK_CAPTURE_AUTORELEASING = YES;
				CLANG_WARN_BOOL_CONVERSION = YES;
				CLANG_WARN_COMMA = YES;
				CLANG_WARN_CONSTANT_CONVERSION = YES;
				CLANG_WARN_DEPRECATED_OBJC_IMPLEMENTATIONS = YES;
				CLANG_WARN_DIRECT_OBJC_ISA_USAGE = YES_ERROR;
				CLANG_WARN_DOCUMENTATION_COMMENTS = YES;
				CLANG_WARN_EMPTY_BODY = YES;
				CLANG_WARN_ENUM_CONVERSION = YES;
				CLANG_WARN_INFINITE_RECURSION = YES;
				CLANG_WARN_INT_CONVERSION = YES;
				CLANG_WARN_NON_LITERAL_NULL_CONVERSION = YES;
				CLANG_WARN_OBJC_IMPLICIT_RETAIN_SELF = YES;
				CLANG_WARN_OBJC_LITERAL_CONVERSION = YES;
				CLANG_WARN_OBJC_ROOT_CLASS = YES_ERROR;
				CLANG_WARN_QUOTED_INCLUDE_IN_FRAMEWORK_HEADER = YES;
				CLANG_WARN_RANGE_LOOP_ANALYSIS = YES;
				CLANG_WARN_STRICT_PROTOTYPES = YES;
				CLANG_WARN_SUSPICIOUS_MOVE = YES;
				CLANG_WARN_UNGUARDED_AVAILABILITY = YES_AGGRESSIVE;
				CLANG_WARN_UNREACHABLE_CODE = YES;
				CLANG_WARN__DUPLICATE_METHOD_MATCH = YES;
				COPY_PHASE_STRIP = NO;
				DEBUG_INFORMATION_FORMAT = dwarf;
				ENABLE_STRICT_OBJC_MSGSEND = YES;
				ENABLE_TESTABILITY = YES;
				ENABLE_USER_SCRIPT_SANDBOXING = YES;
				GCC_C_LANGUAGE_STANDARD = gnu17;
				GCC_DYNAMIC_NO_PIC = NO;
				GCC_NO_COMMON_BLOCKS = YES;
				GCC_OPTIMIZATION_LEVEL = 0;
				GCC_PREPROCESSOR_DEFINITIONS = (
					"DEBUG=1",
					"$(inherited)",
				);
				GCC_WARN_64_TO_32_BIT_CONVERSION = YES;
				GCC_WARN_ABOUT_RETURN_TYPE = YES_ERROR;
				GCC_WARN_UNDECLARED_SELECTOR = YES;
				GCC_WARN_UNINITIALIZED_AUTOS = YES_AGGRESSIVE;
				GCC_WARN_UNUSED_FUNCTION = YES;
				GCC_WARN_UNUSED_VARIABLE = YES;
				IPHONEOS_DEPLOYMENT_TARGET = 18.2;
				LOCALIZATION_PREFERS_STRING_CATALOGS = YES;
				MTL_ENABLE_DEBUG_INFO = INCLUDE_SOURCE;
				MTL_FAST_MATH = YES;
				ONLY_ACTIVE_ARCH = YES;
				SDKROOT = iphoneos;
				SWIFT_ACTIVE_COMPILATION_CONDITIONS = "DEBUG $(inherited)";
				SWIFT_OPTIMIZATION_LEVEL = "-Onone";
			};
			name = Debug;
		};
		6F623E0C2D5EF7FE009634F1 /* Release */ = {
			isa = XCBuildConfiguration;
			buildSettings = {
				ALWAYS_SEARCH_USER_PATHS = NO;
				ASSETCATALOG_COMPILER_GENERATE_SWIFT_ASSET_SYMBOL_EXTENSIONS = YES;
				CLANG_ANALYZER_NONNULL = YES;
				CLANG_ANALYZER_NUMBER_OBJECT_CONVERSION = YES_AGGRESSIVE;
				CLANG_CXX_LANGUAGE_STANDARD = "gnu++20";
				CLANG_ENABLE_MODULES = YES;
				CLANG_ENABLE_OBJC_ARC = YES;
				CLANG_ENABLE_OBJC_WEAK = YES;
				CLANG_WARN_BLOCK_CAPTURE_AUTORELEASING = YES;
				CLANG_WARN_BOOL_CONVERSION = YES;
				CLANG_WARN_COMMA = YES;
				CLANG_WARN_CONSTANT_CONVERSION = YES;
				CLANG_WARN_DEPRECATED_OBJC_IMPLEMENTATIONS = YES;
				CLANG_WARN_DIRECT_OBJC_ISA_USAGE = YES_ERROR;
				CLANG_WARN_DOCUMENTATION_COMMENTS = YES;
				CLANG_WARN_EMPTY_BODY = YES;
				CLANG_WARN_ENUM_CONVERSION = YES;
				CLANG_WARN_INFINITE_RECURSION = YES;
				CLANG_WARN_INT_CONVERSION = YES;
				CLANG_WARN_NON_LITERAL_NULL_CONVERSION = YES;
				CLANG_WARN_OBJC_IMPLICIT_RETAIN_SELF = YES;
				CLANG_WARN_OBJC_LITERAL_CONVERSION = YES;
				CLANG_WARN_OBJC_ROOT_CLASS = YES_ERROR;
				CLANG_WARN_QUOTED_INCLUDE_IN_FRAMEWORK_HEADER = YES;
				CLANG_WARN_RANGE_LOOP_ANALYSIS = YES;
				CLANG_WARN_STRICT_PROTOTYPES = YES;
				CLANG_WARN_SUSPICIOUS_MOVE = YES;
				CLANG_WARN_UNGUARDED_AVAILABILITY = YES_AGGRESSIVE;
				CLANG_WARN_UNREACHABLE_CODE = YES;
				CLANG_WARN__DUPLICATE_METHOD_MATCH = YES;
				COPY_PHASE_STRIP = NO;
				DEBUG_INFORMATION_FORMAT = "dwarf-with-dsym";
				ENABLE_NS_ASSERTIONS = NO;
				ENABLE_STRICT_OBJC_MSGSEND = YES;
				ENABLE_USER_SCRIPT_SANDBOXING = YES;
				GCC_C_LANGUAGE_STANDARD = gnu17;
				GCC_NO_COMMON_BLOCKS = YES;
				GCC_WARN_64_TO_32_BIT_CONVERSION = YES;
				GCC_WARN_ABOUT_RETURN_TYPE = YES_ERROR;
				GCC_WARN_UNDECLARED_SELECTOR = YES;
				GCC_WARN_UNINITIALIZED_AUTOS = YES_AGGRESSIVE;
				GCC_WARN_UNUSED_FUNCTION = YES;
				GCC_WARN_UNUSED_VARIABLE = YES;
				IPHONEOS_DEPLOYMENT_TARGET = 18.2;
				LOCALIZATION_PREFERS_STRING_CATALOGS = YES;
				MTL_ENABLE_DEBUG_INFO = NO;
				MTL_FAST_MATH = YES;
				SDKROOT = iphoneos;
				SWIFT_COMPILATION_MODE = wholemodule;
				VALIDATE_PRODUCT = YES;
			};
			name = Release;
		};
		6F623E0E2D5EF7FE009634F1 /* Debug */ = {
			isa = XCBuildConfiguration;
			buildSettings = {
				ASSETCATALOG_COMPILER_APPICON_NAME = AppIcon;
				ASSETCATALOG_COMPILER_GLOBAL_ACCENT_COLOR_NAME = AccentColor;
				CODE_SIGN_STYLE = Automatic;
				CURRENT_PROJECT_VERSION = 1;
				DEVELOPMENT_ASSET_PATHS = "\"LegacyNavigationStackSample/Preview Content\"";
				ENABLE_PREVIEWS = YES;
				GENERATE_INFOPLIST_FILE = YES;
				INFOPLIST_KEY_UIApplicationSceneManifest_Generation = YES;
				INFOPLIST_KEY_UIApplicationSupportsIndirectInputEvents = YES;
				INFOPLIST_KEY_UILaunchScreen_Generation = YES;
				INFOPLIST_KEY_UISupportedInterfaceOrientations_iPad = "UIInterfaceOrientationPortrait UIInterfaceOrientationPortraitUpsideDown UIInterfaceOrientationLandscapeLeft UIInterfaceOrientationLandscapeRight";
				INFOPLIST_KEY_UISupportedInterfaceOrientations_iPhone = "UIInterfaceOrientationPortrait UIInterfaceOrientationLandscapeLeft UIInterfaceOrientationLandscapeRight";
				IPHONEOS_DEPLOYMENT_TARGET = 14;
				LD_RUNPATH_SEARCH_PATHS = (
					"$(inherited)",
					"@executable_path/Frameworks",
				);
				MARKETING_VERSION = 1.0;
				PRODUCT_BUNDLE_IDENTIFIER = a.LegacyNavigationStackSample;
				PRODUCT_NAME = "$(TARGET_NAME)";
				SWIFT_EMIT_LOC_STRINGS = YES;
				SWIFT_VERSION = 5.0;
				TARGETED_DEVICE_FAMILY = "1,2";
			};
			name = Debug;
		};
		6F623E0F2D5EF7FE009634F1 /* Release */ = {
			isa = XCBuildConfiguration;
			buildSettings = {
				ASSETCATALOG_COMPILER_APPICON_NAME = AppIcon;
				ASSETCATALOG_COMPILER_GLOBAL_ACCENT_COLOR_NAME = AccentColor;
				CODE_SIGN_STYLE = Automatic;
				CURRENT_PROJECT_VERSION = 1;
				DEVELOPMENT_ASSET_PATHS = "\"LegacyNavigationStackSample/Preview Content\"";
				ENABLE_PREVIEWS = YES;
				GENERATE_INFOPLIST_FILE = YES;
				INFOPLIST_KEY_UIApplicationSceneManifest_Generation = YES;
				INFOPLIST_KEY_UIApplicationSupportsIndirectInputEvents = YES;
				INFOPLIST_KEY_UILaunchScreen_Generation = YES;
				INFOPLIST_KEY_UISupportedInterfaceOrientations_iPad = "UIInterfaceOrientationPortrait UIInterfaceOrientationPortraitUpsideDown UIInterfaceOrientationLandscapeLeft UIInterfaceOrientationLandscapeRight";
				INFOPLIST_KEY_UISupportedInterfaceOrientations_iPhone = "UIInterfaceOrientationPortrait UIInterfaceOrientationLandscapeLeft UIInterfaceOrientationLandscapeRight";
				IPHONEOS_DEPLOYMENT_TARGET = 14;
				LD_RUNPATH_SEARCH_PATHS = (
					"$(inherited)",
					"@executable_path/Frameworks",
				);
				MARKETING_VERSION = 1.0;
				PRODUCT_BUNDLE_IDENTIFIER = a.LegacyNavigationStackSample;
				PRODUCT_NAME = "$(TARGET_NAME)";
				SWIFT_EMIT_LOC_STRINGS = YES;
				SWIFT_VERSION = 5.0;
				TARGETED_DEVICE_FAMILY = "1,2";
			};
			name = Release;
		};
		6F623E112D5EF7FE009634F1 /* Debug */ = {
			isa = XCBuildConfiguration;
			buildSettings = {
				BUNDLE_LOADER = "$(TEST_HOST)";
				CODE_SIGN_STYLE = Automatic;
				CURRENT_PROJECT_VERSION = 1;
				GENERATE_INFOPLIST_FILE = YES;
				IPHONEOS_DEPLOYMENT_TARGET = 18.2;
				MARKETING_VERSION = 1.0;
				PRODUCT_BUNDLE_IDENTIFIER = a.LegacyNavigationStackSampleTests;
				PRODUCT_NAME = "$(TARGET_NAME)";
				SWIFT_EMIT_LOC_STRINGS = NO;
				SWIFT_VERSION = 5.0;
				TARGETED_DEVICE_FAMILY = "1,2";
				TEST_HOST = "$(BUILT_PRODUCTS_DIR)/LegacyNavigationStackSample.app/$(BUNDLE_EXECUTABLE_FOLDER_PATH)/LegacyNavigationStackSample";
			};
			name = Debug;
		};
		6F623E122D5EF7FE009634F1 /* Release */ = {
			isa = XCBuildConfiguration;
			buildSettings = {
				BUNDLE_LOADER = "$(TEST_HOST)";
				CODE_SIGN_STYLE = Automatic;
				CURRENT_PROJECT_VERSION = 1;
				GENERATE_INFOPLIST_FILE = YES;
				IPHONEOS_DEPLOYMENT_TARGET = 18.2;
				MARKETING_VERSION = 1.0;
				PRODUCT_BUNDLE_IDENTIFIER = a.LegacyNavigationStackSampleTests;
				PRODUCT_NAME = "$(TARGET_NAME)";
				SWIFT_EMIT_LOC_STRINGS = NO;
				SWIFT_VERSION = 5.0;
				TARGETED_DEVICE_FAMILY = "1,2";
				TEST_HOST = "$(BUILT_PRODUCTS_DIR)/LegacyNavigationStackSample.app/$(BUNDLE_EXECUTABLE_FOLDER_PATH)/LegacyNavigationStackSample";
			};
			name = Release;
		};
		6F623E142D5EF7FE009634F1 /* Debug */ = {
			isa = XCBuildConfiguration;
			buildSettings = {
				CODE_SIGN_STYLE = Automatic;
				CURRENT_PROJECT_VERSION = 1;
				GENERATE_INFOPLIST_FILE = YES;
				MARKETING_VERSION = 1.0;
				PRODUCT_BUNDLE_IDENTIFIER = a.LegacyNavigationStackSampleUITests;
				PRODUCT_NAME = "$(TARGET_NAME)";
				SWIFT_EMIT_LOC_STRINGS = NO;
				SWIFT_VERSION = 5.0;
				TARGETED_DEVICE_FAMILY = "1,2";
				TEST_TARGET_NAME = LegacyNavigationStackSample;
			};
			name = Debug;
		};
		6F623E152D5EF7FE009634F1 /* Release */ = {
			isa = XCBuildConfiguration;
			buildSettings = {
				CODE_SIGN_STYLE = Automatic;
				CURRENT_PROJECT_VERSION = 1;
				GENERATE_INFOPLIST_FILE = YES;
				MARKETING_VERSION = 1.0;
				PRODUCT_BUNDLE_IDENTIFIER = a.LegacyNavigationStackSampleUITests;
				PRODUCT_NAME = "$(TARGET_NAME)";
				SWIFT_EMIT_LOC_STRINGS = NO;
				SWIFT_VERSION = 5.0;
				TARGETED_DEVICE_FAMILY = "1,2";
				TEST_TARGET_NAME = LegacyNavigationStackSample;
			};
			name = Release;
		};
/* End XCBuildConfiguration section */

/* Begin XCConfigurationList section */
		6F623DE42D5EF7FC009634F1 /* Build configuration list for PBXProject "LegacyNavigationStackSample" */ = {
			isa = XCConfigurationList;
			buildConfigurations = (
				6F623E0B2D5EF7FE009634F1 /* Debug */,
				6F623E0C2D5EF7FE009634F1 /* Release */,
			);
			defaultConfigurationIsVisible = 0;
			defaultConfigurationName = Release;
		};
		6F623E0D2D5EF7FE009634F1 /* Build configuration list for PBXNativeTarget "LegacyNavigationStackSample" */ = {
			isa = XCConfigurationList;
			buildConfigurations = (
				6F623E0E2D5EF7FE009634F1 /* Debug */,
				6F623E0F2D5EF7FE009634F1 /* Release */,
			);
			defaultConfigurationIsVisible = 0;
			defaultConfigurationName = Release;
		};
		6F623E102D5EF7FE009634F1 /* Build configuration list for PBXNativeTarget "LegacyNavigationStackSampleTests" */ = {
			isa = XCConfigurationList;
			buildConfigurations = (
				6F623E112D5EF7FE009634F1 /* Debug */,
				6F623E122D5EF7FE009634F1 /* Release */,
			);
			defaultConfigurationIsVisible = 0;
			defaultConfigurationName = Release;
		};
		6F623E132D5EF7FE009634F1 /* Build configuration list for PBXNativeTarget "LegacyNavigationStackSampleUITests" */ = {
			isa = XCConfigurationList;
			buildConfigurations = (
				6F623E142D5EF7FE009634F1 /* Debug */,
				6F623E152D5EF7FE009634F1 /* Release */,
			);
			defaultConfigurationIsVisible = 0;
			defaultConfigurationName = Release;
		};
/* End XCConfigurationList section */
	};
	rootObject = 6F623DE12D5EF7FC009634F1 /* Project object */;
}
